
Microsoft Visual Studio Solution File, Format Version 12.00
# Visual Studio Version 16
VisualStudioVersion = 16.0.31624.102
MinimumVisualStudioVersion = 10.0.40219.1
Project("{9A19103F-16F7-4668-BE54-9A1E7A4F7556}") = "lab4", "lab4\lab4.csproj", "{3F9D42F1-C326-441A-989B-599F442791C8}"
EndProject
Project("{FAE04EC0-301F-11D3-BF4B-00C04F79EFBC}") = "BLL", "BLL\BLL.csproj", "{82A466B1-646E-455A-B531-1EDC522B0E58}"
EndProject
Project("{2150E333-8FDC-42A3-9474-1A3956D46DE8}") = "1 - BLL", "1 - BLL", "{782F9404-9514-4C09-A069-A4EEEB910CC3}"
EndProject
Project("{2150E333-8FDC-42A3-9474-1A3956D46DE8}") = "3 - PL", "3 - PL", "{5C25C417-E403-4597-B0AA-C2BD3964F53A}"
EndProject
Global
	GlobalSection(SolutionConfigurationPlatforms) = preSolution
		Debug|Any CPU = Debug|Any CPU
		Release|Any CPU = Release|Any CPU
	EndGlobalSection
	GlobalSection(ProjectConfigurationPlatforms) = postSolution
		{3F9D42F1-C326-441A-989B-599F442791C8}.Debug|Any CPU.ActiveCfg = Debug|Any CPU
		{3F9D42F1-C326-441A-989B-599F442791C8}.Debug|Any CPU.Build.0 = Debug|Any CPU
		{3F9D42F1-C326-441A-989B-599F442791C8}.Release|Any CPU.ActiveCfg = Release|Any CPU
		{3F9D42F1-C326-441A-989B-599F442791C8}.Release|Any CPU.Build.0 = Release|Any CPU
		{82A466B1-646E-455A-B531-1EDC522B0E58}.Debug|Any CPU.ActiveCfg = Debug|Any CPU
		{82A466B1-646E-455A-B531-1EDC522B0E58}.Debug|Any CPU.Build.0 = Debug|Any CPU
		{82A466B1-646E-455A-B531-1EDC522B0E58}.Release|Any CPU.ActiveCfg = Release|Any CPU
		{82A466B1-646E-455A-B531-1EDC522B0E58}.Release|Any CPU.Build.0 = Release|Any CPU
	EndGlobalSection
	GlobalSection(SolutionProperties) = preSolution
		HideSolutionNode = FALSE
	EndGlobalSection
	GlobalSection(NestedProjects) = preSolution
		{3F9D42F1-C326-441A-989B-599F442791C8} = {5C25C417-E403-4597-B0AA-C2BD3964F53A}
		{82A466B1-646E-455A-B531-1EDC522B0E58} = {782F9404-9514-4C09-A069-A4EEEB910CC3}
	EndGlobalSection
	GlobalSection(ExtensibilityGlobals) = postSolution
		SolutionGuid = {9E0F6215-738F-44EE-8CA1-CB8BC2152540}
	EndGlobalSection
EndGlobal
